
Microsoft Visual Studio Solution File, Format Version 12.00
# Visual Studio 14
VisualStudioVersion = 14.0.25420.1
MinimumVisualStudioVersion = 10.0.40219.1
Project("{FAE04EC0-301F-11D3-BF4B-00C04F79EFBC}") = "CampanhaBD.Model", "CampanhaBD.Model\CampanhaBD.Model.csproj", "{7B038D68-28DB-44AE-8913-D60DB5AE1302}"
EndProject
Project("{FAE04EC0-301F-11D3-BF4B-00C04F79EFBC}") = "CampanhaBD.Interface", "CampanhaBD.Interface\CampanhaBD.Interface.csproj", "{C620E36A-FB57-4CB0-9B25-5674A79729A4}"
EndProject
Project("{FAE04EC0-301F-11D3-BF4B-00C04F79EFBC}") = "CampanhaBD.UI.WEB", "CampanhaBD.UI.WEB\CampanhaBD.UI.WEB.csproj", "{AEB9C003-7ED0-4662-8150-874DA999359E}"
EndProject
Project("{FAE04EC0-301F-11D3-BF4B-00C04F79EFBC}") = "CampanhaBD.RepositoryADO", "CampanhaBD.RepositoryADO\CampanhaBD.RepositoryADO.csproj", "{D6BD3FE6-7C73-4629-AC88-0CAECD9DC16F}"
EndProject
Project("{FAE04EC0-301F-11D3-BF4B-00C04F79EFBC}") = "CampanhaBD.Business", "CampanhaBD.Business\CampanhaBD.Business.csproj", "{0A2FEDCB-83B8-46BD-9CD1-22305BED344F}"
EndProject
Project("{FAE04EC0-301F-11D3-BF4B-00C04F79EFBC}") = "CampanhaBD.Util", "CampanhaBD.Util\CampanhaBD.Util.csproj", "{4D166322-E2A4-4DCF-AF65-EE7CB8B2A45F}"
EndProject
Global
	GlobalSection(SolutionConfigurationPlatforms) = preSolution
		Debug|Any CPU = Debug|Any CPU
		Release|Any CPU = Release|Any CPU
	EndGlobalSection
	GlobalSection(ProjectConfigurationPlatforms) = postSolution
		{7B038D68-28DB-44AE-8913-D60DB5AE1302}.Debug|Any CPU.ActiveCfg = Debug|Any CPU
		{7B038D68-28DB-44AE-8913-D60DB5AE1302}.Debug|Any CPU.Build.0 = Debug|Any CPU
		{7B038D68-28DB-44AE-8913-D60DB5AE1302}.Release|Any CPU.ActiveCfg = Release|Any CPU
		{7B038D68-28DB-44AE-8913-D60DB5AE1302}.Release|Any CPU.Build.0 = Release|Any CPU
		{C620E36A-FB57-4CB0-9B25-5674A79729A4}.Debug|Any CPU.ActiveCfg = Debug|Any CPU
		{C620E36A-FB57-4CB0-9B25-5674A79729A4}.Debug|Any CPU.Build.0 = Debug|Any CPU
		{C620E36A-FB57-4CB0-9B25-5674A79729A4}.Release|Any CPU.ActiveCfg = Release|Any CPU
		{C620E36A-FB57-4CB0-9B25-5674A79729A4}.Release|Any CPU.Build.0 = Release|Any CPU
		{AEB9C003-7ED0-4662-8150-874DA999359E}.Debug|Any CPU.ActiveCfg = Debug|Any CPU
		{AEB9C003-7ED0-4662-8150-874DA999359E}.Debug|Any CPU.Build.0 = Debug|Any CPU
		{AEB9C003-7ED0-4662-8150-874DA999359E}.Release|Any CPU.ActiveCfg = Release|Any CPU
		{AEB9C003-7ED0-4662-8150-874DA999359E}.Release|Any CPU.Build.0 = Release|Any CPU
		{D6BD3FE6-7C73-4629-AC88-0CAECD9DC16F}.Debug|Any CPU.ActiveCfg = Debug|Any CPU
		{D6BD3FE6-7C73-4629-AC88-0CAECD9DC16F}.Debug|Any CPU.Build.0 = Debug|Any CPU
		{D6BD3FE6-7C73-4629-AC88-0CAECD9DC16F}.Release|Any CPU.ActiveCfg = Release|Any CPU
		{D6BD3FE6-7C73-4629-AC88-0CAECD9DC16F}.Release|Any CPU.Build.0 = Release|Any CPU
		{0A2FEDCB-83B8-46BD-9CD1-22305BED344F}.Debug|Any CPU.ActiveCfg = Debug|Any CPU
		{0A2FEDCB-83B8-46BD-9CD1-22305BED344F}.Debug|Any CPU.Build.0 = Debug|Any CPU
		{0A2FEDCB-83B8-46BD-9CD1-22305BED344F}.Release|Any CPU.ActiveCfg = Release|Any CPU
		{0A2FEDCB-83B8-46BD-9CD1-22305BED344F}.Release|Any CPU.Build.0 = Release|Any CPU
		{4D166322-E2A4-4DCF-AF65-EE7CB8B2A45F}.Debug|Any CPU.ActiveCfg = Debug|Any CPU
		{4D166322-E2A4-4DCF-AF65-EE7CB8B2A45F}.Debug|Any CPU.Build.0 = Debug|Any CPU
		{4D166322-E2A4-4DCF-AF65-EE7CB8B2A45F}.Release|Any CPU.ActiveCfg = Release|Any CPU
		{4D166322-E2A4-4DCF-AF65-EE7CB8B2A45F}.Release|Any CPU.Build.0 = Release|Any CPU
	EndGlobalSection
	GlobalSection(SolutionProperties) = preSolution
		HideSolutionNode = FALSE
	EndGlobalSection
EndGlobal
